{
  "requires": true,
  "lockfileVersion": 1,
  "dependencies": {
    "com.wikitude.phonegap.wikitudeplugin": {
      "version": "9.0.0",
      "resolved": "https://registry.npmjs.org/com.wikitude.phonegap.wikitudeplugin/-/com.wikitude.phonegap.wikitudeplugin-9.0.0.tgz",
      "integrity": "sha512-uaToWXLJvt6OErmw1re1xpH+q6A72ps1ceswGizuIamhfdjsCdGe/sFGZmkhtS1eVJuzNtE9b7t+uotyHr5OzQ=="
    },
    "cordova-plugin-ar": {
      "version": "0.1.0-alpha1",
      "resolved": "https://registry.npmjs.org/cordova-plugin-ar/-/cordova-plugin-ar-0.1.0-alpha1.tgz",
      "integrity": "sha1-//lsWqcgHfFYsnX1MZ5JsCWg6Ls="
    },
    "cordova-plugin-geolocation": {
      "version": "4.0.2",
      "resolved": "https://registry.npmjs.org/cordova-plugin-geolocation/-/cordova-plugin-geolocation-4.0.2.tgz",
      "integrity": "sha512-QGThnPKzPxESHkruZlpE0+5aFBVOet8al0vIJ7laSUOQHIC1dd/JY6peVIbtLboKi5Dap1wCKRubOqPqH8xcQA=="
    },
    "cordova-plugin-whitelist": {
      "version": "1.3.4",
      "resolved": "https://registry.npmjs.org/cordova-plugin-whitelist/-/cordova-plugin-whitelist-1.3.4.tgz",
      "integrity": "sha512-EYC5eQFVkoYXq39l7tYKE6lEjHJ04mvTmKXxGL7quHLdFPfJMNzru/UYpn92AOfpl3PQaZmou78C7EgmFOwFQQ==",
      "dev": true
    }
  }
}
